
Microsoft Visual Studio Solution File, Format Version 12.00
# Visual Studio Version 17
VisualStudioVersion = 17.7.34202.233
MinimumVisualStudioVersion = 10.0.40219.1
Project("{FAE04EC0-301F-11D3-BF4B-00C04F79EFBC}") = "Portal-Financeiro-2023", "Portal-Financeiro-2023\Portal-Financeiro-2023.csproj", "{2552FEB3-AC3F-4376-ACA9-5FA689544A90}"
EndProject
Global
	GlobalSection(SolutionConfigurationPlatforms) = preSolution
		Debug|Any CPU = Debug|Any CPU
		Release|Any CPU = Release|Any CPU
	EndGlobalSection
	GlobalSection(ProjectConfigurationPlatforms) = postSolution
		{2552FEB3-AC3F-4376-ACA9-5FA689544A90}.Debug|Any CPU.ActiveCfg = Debug|Any CPU
		{2552FEB3-AC3F-4376-ACA9-5FA689544A90}.Debug|Any CPU.Build.0 = Debug|Any CPU
		{2552FEB3-AC3F-4376-ACA9-5FA689544A90}.Release|Any CPU.ActiveCfg = Release|Any CPU
		{2552FEB3-AC3F-4376-ACA9-5FA689544A90}.Release|Any CPU.Build.0 = Release|Any CPU
	EndGlobalSection
	GlobalSection(SolutionProperties) = preSolution
		HideSolutionNode = FALSE
	EndGlobalSection
	GlobalSection(ExtensibilityGlobals) = postSolution
		SolutionGuid = {5D7433DB-31FB-4B4A-B8E2-E1982A751F95}
	EndGlobalSection
EndGlobal
